# DO NOT EDIT MANUALLY - Managed by Fern Replay
version: "1.0"
generations:
  - commit_sha: 6082e5661a504a4c7ed931fe1a7de3979d15a060
    tree_hash: e9bf5a74a13afaf79f9b4058701754163e9fc4f9
    timestamp: 2026-08-05T22:43:55.875Z
    cli_version: unknown
    generator_versions: {}
  - commit_sha: 7f6607532c6548553c2172fdfa3ca294b473f116
    tree_hash: e89abeb999821a54387c968d5e8b2938d74eba8c
    timestamp: 2026-08-05T22:43:56.356Z
    cli_version: unknown
    generator_versions:
      fernapi/fern-typescript-sdk: 3.73.4
  - commit_sha: a7d520777a9e949538560d06722a696fa468ee9b
    tree_hash: 1b551edbbb26e170c058660e71616a31cf87bae7
    timestamp: 2026-08-10T22:01:45.808Z
    cli_version: unknown
    generator_versions:
      fernapi/fern-typescript-sdk: 3.87.2
  - commit_sha: 66f44322590957b7bdb435e97e5d9565de93a534
    tree_hash: c1ead03bea628cdfb5736f36e0631839b0867105
    timestamp: 2026-08-10T22:53:55.681Z
    cli_version: unknown
    generator_versions:
      fernapi/fern-typescript-sdk: 3.87.2
  - commit_sha: f6aae3205a0807db355fc28b76fab9d8bbfdff80
    tree_hash: 3bfacda73dc4ca9a25d93b8c545643fd692c7a12
    timestamp: 2026-08-11T19:36:48.978Z
    cli_version: unknown
    generator_versions:
      fernapi/fern-typescript-sdk: 3.87.2
  - commit_sha: 790e85778ef3a0e5eab7772dc13510fb0c260621
    tree_hash: fc8c376376cd70632e86af851691a91c843bef96
    timestamp: 2026-08-11T19:46:10.502Z
    cli_version: unknown
    generator_versions:
      fernapi/fern-typescript-sdk: 3.87.2
  - commit_sha: d1ae0a4cb7413a65420d13cde63c4016c6f0a30e
    tree_hash: 412bec7e0955e63d36bc5249ad94ed06d4fa7869
    timestamp: 2026-08-11T20:00:47.245Z
    cli_version: unknown
    generator_versions:
      fernapi/fern-typescript-sdk: 3.87.2
  - commit_sha: 27a7baa3a2b9669ee41f344ca3e10badb91b0b9f
    tree_hash: c7231beac614987311f2b59b737d838e58d945fb
    timestamp: 2026-08-11T22:37:33.509Z
    cli_version: unknown
    generator_versions:
      fernapi/fern-typescript-sdk: 3.87.2
  - commit_sha: 2b0392f5e99e8350b6e95ae2a5cd3d2e24c72e2e
    tree_hash: 1cc1629faaf5aca277afff6fbdcefe97c2eac2b7
    timestamp: 2026-08-11T23:42:47.484Z
    cli_version: unknown
    generator_versions:
      fernapi/fern-typescript-sdk: 3.87.2
  - commit_sha: 277f72a3bf3c1f6f1487282897a570eb6bdaa960
    tree_hash: e56aad6ea2e8b797814e965fb57cf039846bef9e
    timestamp: 2026-08-11T23:59:34.302Z
    cli_version: unknown
    generator_versions:
      fernapi/fern-typescript-sdk: 3.87.2
  - commit_sha: 447e02c9dc418b88bde0de615deda5f5f7050dd0
    tree_hash: 0a57e1a1a2159fd17399463e986058035d097876
    timestamp: 2026-08-12T17:35:02.069Z
    cli_version: unknown
    generator_versions:
      fernapi/fern-typescript-sdk: 3.87.2
  - commit_sha: bef33fc463744fa1f7b55205a3491457dbfd8453
    tree_hash: 1238f23ccc84217fa53bf250102f275b9d4ed4cb
    timestamp: 2026-08-12T22:19:55.871Z
    cli_version: unknown
    generator_versions:
      fernapi/fern-typescript-sdk: 3.87.2
  - commit_sha: 7e54b9bc52d101f4feef657ac2e65f03878f8fbe
    tree_hash: 263f009abf3ec846dd77a80570998e02ef677ebd
    timestamp: 2026-08-13T22:39:00.295Z
    cli_version: unknown
    generator_versions:
      fernapi/fern-typescript-sdk: 3.87.2
  - commit_sha: 3a8def2e800d7eec1759f76449a49bd3044bfedd
    tree_hash: de0b184e4b339ebc111063a651efceffffd8dcd4
    timestamp: 2026-08-13T23:30:51.481Z
    cli_version: unknown
    generator_versions:
      fernapi/fern-typescript-sdk: 3.87.2
  - commit_sha: fcc372202992587964aad4a336a8b2f06c24697d
    tree_hash: 85bcfc337042fe765ab76507d04b384308b3838a
    timestamp: 2026-08-19T21:14:15.307Z
    cli_version: unknown
    generator_versions:
      fernapi/fern-typescript-sdk: 3.87.2
  - commit_sha: 33f2bec72ac3b5ac84fc10314f184869b4d63683
    tree_hash: 2172a28ef872cdbb80ddbb1f445d93657238ef4a
    timestamp: 2026-08-21T01:52:46.268Z
    cli_version: unknown
    generator_versions:
      fernapi/fern-typescript-sdk: 3.87.2
  - commit_sha: 39fa954691780d6005ea4026a73a3370f7d684f0
    tree_hash: bfdeed170e1e41ca53211684259bf2a3a642a413
    timestamp: 2026-08-21T02:12:38.838Z
    cli_version: unknown
    generator_versions:
      fernapi/fern-typescript-sdk: 3.87.2
  - commit_sha: 2eecb75d7fe19c1a7f63373cb947fe4f0d14d9c6
    tree_hash: 338dd53d1a6525f9e81173389c536e185ccf4c90
    timestamp: 2026-08-25T04:58:38.997Z
    cli_version: unknown
    generator_versions:
      fernapi/fern-typescript-sdk: 3.87.2
  - commit_sha: 06e2e3a15ec9942884158c1e3879c234d3c25585
    tree_hash: ab832394cb0a6107128d74fa7042b3cc3b91f524
    timestamp: 2026-08-26T01:04:32.141Z
    cli_version: unknown
    generator_versions:
      fernapi/fern-typescript-sdk: 3.87.2
  - commit_sha: 34c098be4082d77d8fa2c13e069f0639fb670f3a
    tree_hash: a7297303313bd23345e7642466bfa47154bbd9b3
    timestamp: 2026-08-26T23:23:56.285Z
    cli_version: unknown
    generator_versions:
      fernapi/fern-typescript-sdk: 3.87.2
current_generation: 34c098be4082d77d8fa2c13e069f0639fb670f3a
patches:
  - id: patch-9801bb25
    content_hash: sha256:21baec3972afba59a30bd04069b78028389944f961bae1441d6c834865df1537
    original_commit: 9801bb25b9e62294f1820b97273a2a3feb86a8b9
    original_message: "chore(version): bump package.json and src/version.ts to 1.0.0 (#30)"
    original_author: Mihai Claudiu Toader <mihai@hedra.com>
    base_generation: f8f3d056fa7472fe0f69d123f3acf218e31212d3
    files:
      - package.json
      - src/version.ts
    patch_content: |
      diff --git a/package.json b/package.json
      index 862436a..8fe4712 100644
      --- a/package.json
      +++ b/package.json
      @@ -1,6 +1,6 @@
       {
           "name": "hedra-node",
      -    "version": "0.3.0",
      +    "version": "1.0.0",
           "private": false,
           "repository": {
               "type": "git",
      diff --git a/src/version.ts b/src/version.ts
      index c5505af..867cd29 100644
      --- a/src/version.ts
      +++ b/src/version.ts
      @@ -1 +1 @@
      -export const SDK_VERSION = "0.3.0";
      +export const SDK_VERSION = "1.0.0";
    theirs_snapshot:
      package.json: |
        {
            "name": "hedra-node",
            "version": "1.0.0",
            "private": false,
            "repository": {
                "type": "git",
                "url": "git+https://github.com/hedra-labs/hedra-node.git"
            },
            "type": "commonjs",
            "main": "./dist/cjs/index.js",
            "module": "./dist/esm/index.mjs",
            "types": "./dist/cjs/index.d.ts",
            "exports": {
                ".": {
                    "import": {
                        "types": "./dist/esm/index.d.mts",
                        "default": "./dist/esm/index.mjs"
                    },
                    "require": {
                        "types": "./dist/cjs/index.d.ts",
                        "default": "./dist/cjs/index.js"
                    },
                    "default": "./dist/cjs/index.js"
                },
                "./package.json": "./package.json"
            },
            "files": [
                "dist",
                "reference.md",
                "README.md",
                "LICENSE"
            ],
            "scripts": {
                "format": "biome format --write --skip-parse-errors --no-errors-on-unmatched --max-diagnostics=none",
                "format:check": "biome format --skip-parse-errors --no-errors-on-unmatched --max-diagnostics=none",
                "lint": "biome lint --skip-parse-errors --no-errors-on-unmatched --max-diagnostics=none",
                "lint:fix": "biome lint --fix --unsafe --skip-parse-errors --no-errors-on-unmatched --max-diagnostics=none",
                "check": "biome check --skip-parse-errors --no-errors-on-unmatched --max-diagnostics=none",
                "check:fix": "biome check --fix --unsafe --skip-parse-errors --no-errors-on-unmatched --max-diagnostics=none",
                "build": "pnpm build:cjs && pnpm build:esm",
                "build:cjs": "tsc --project ./tsconfig.cjs.json",
                "build:esm": "tsc --project ./tsconfig.esm.json && node scripts/rename-to-esm-files.js dist/esm",
                "test": "vitest",
                "test:unit": "vitest --project unit",
                "test:wire": "vitest --project wire"
            },
            "dependencies": {},
            "devDependencies": {
                "webpack": "^5.105.4",
                "ts-loader": "^9.5.4",
                "vitest": "^4.1.1",
                "msw": "2.11.2",
                "@types/node": "^20.0.0",
                "typescript": "~5.9.3",
                "@biomejs/biome": "2.4.10"
            },
            "browser": {
                "fs": false,
                "os": false,
                "path": false,
                "stream": false,
                "crypto": false
            },
            "packageManager": "pnpm@10.33.0",
            "engines": {
                "node": ">=18.0.0"
            },
            "sideEffects": false,
            "description": "The official TypeScript library for the Hedra API",
            "license": "Apache-2.0",
            "author": "Hedra <support@hedra.com>"
        }
      src/version.ts: |
        export const SDK_VERSION = "1.0.0";
  - id: patch-602c698b
    content_hash: sha256:4c9dd89381bba75982bfc8a0469570486c3b9fb8e1e737a652ceafb7cd805f47
    original_commit: 602c698be4fdd5ce6c266ea248db101f2ca59d71
    original_message: "chore: reset manifest version to 0.9.9 as the computed-release baseline (#41)"
    original_author: Mihai Claudiu Toader <mihai@hedra.com>
    base_generation: f8f3d056fa7472fe0f69d123f3acf218e31212d3
    files:
      - package.json
    patch_content: |+
      From 602c698be4fdd5ce6c266ea248db101f2ca59d71 Mon Sep 17 00:00:00 2001
      From: Mihai Claudiu Toader <mihai@hedra.com>
      Date: Mon, 10 Aug 2026 13:20:13 -0700
      Subject: [PATCH] chore: reset manifest version to 0.9.9 as the
       computed-release baseline (#41)
      MIME-Version: 1.0
      Content-Type: text/plain; charset=UTF-8
      Content-Transfer-Encoding: 8bit

      Under the manifest-sourced versioning model from hedra-labs/fern-config#44, package.json at HEAD is this repo's version source of truth. The accumulated v3 drift diffs as major, and a major bump on 0.9.9 computes exactly 1.0.0 — so the next regeneration stamps 1.0.0-dev and the first release publishes 1.0.0 through the normal computed flow, with no force_version bootstrap.


      Claude-Session: https://claude.ai/code/session_016bTLDWYzRbzeLqemL9ARDe

      Co-authored-by: Claude Fable 5 <noreply@anthropic.com>
      ---
       package.json | 2 +-
       1 file changed, 1 insertion(+), 1 deletion(-)

      diff --git a/package.json b/package.json
      index 8fe4712..5d63860 100644
      --- a/package.json
      +++ b/package.json
      @@ -1,6 +1,6 @@
       {
           "name": "hedra-node",
      -    "version": "1.0.0",
      +    "version": "0.9.9",
           "private": false,
           "repository": {
               "type": "git",
      -- 
      2.52.0

    theirs_snapshot:
      package.json: |
        {
            "name": "hedra-node",
            "version": "0.9.9",
            "private": false,
            "repository": {
                "type": "git",
                "url": "git+https://github.com/hedra-labs/hedra-node.git"
            },
            "type": "commonjs",
            "main": "./dist/cjs/index.js",
            "module": "./dist/esm/index.mjs",
            "types": "./dist/cjs/index.d.ts",
            "exports": {
                ".": {
                    "import": {
                        "types": "./dist/esm/index.d.mts",
                        "default": "./dist/esm/index.mjs"
                    },
                    "require": {
                        "types": "./dist/cjs/index.d.ts",
                        "default": "./dist/cjs/index.js"
                    },
                    "default": "./dist/cjs/index.js"
                },
                "./package.json": "./package.json"
            },
            "files": [
                "dist",
                "reference.md",
                "README.md",
                "LICENSE"
            ],
            "scripts": {
                "format": "biome format --write --skip-parse-errors --no-errors-on-unmatched --max-diagnostics=none",
                "format:check": "biome format --skip-parse-errors --no-errors-on-unmatched --max-diagnostics=none",
                "lint": "biome lint --skip-parse-errors --no-errors-on-unmatched --max-diagnostics=none",
                "lint:fix": "biome lint --fix --unsafe --skip-parse-errors --no-errors-on-unmatched --max-diagnostics=none",
                "check": "biome check --skip-parse-errors --no-errors-on-unmatched --max-diagnostics=none",
                "check:fix": "biome check --fix --unsafe --skip-parse-errors --no-errors-on-unmatched --max-diagnostics=none",
                "build": "pnpm build:cjs && pnpm build:esm",
                "build:cjs": "tsc --project ./tsconfig.cjs.json",
                "build:esm": "tsc --project ./tsconfig.esm.json && node scripts/rename-to-esm-files.js dist/esm",
                "test": "vitest",
                "test:unit": "vitest --project unit",
                "test:wire": "vitest --project wire"
            },
            "dependencies": {},
            "devDependencies": {
                "webpack": "^5.105.4",
                "ts-loader": "^9.5.4",
                "vitest": "^4.1.1",
                "msw": "2.11.2",
                "@types/node": "^20.0.0",
                "typescript": "~5.9.3",
                "@biomejs/biome": "2.4.10"
            },
            "browser": {
                "fs": false,
                "os": false,
                "path": false,
                "stream": false,
                "crypto": false
            },
            "packageManager": "pnpm@10.33.0",
            "engines": {
                "node": ">=18.0.0"
            },
            "sideEffects": false,
            "description": "The official TypeScript library for the Hedra API",
            "license": "Apache-2.0",
            "author": "Hedra <support@hedra.com>"
        }
  - id: patch-6170698b
    content_hash: sha256:6ff2d4b2b54a2b3bd7730f2e4a8db1978b8b6c8fea6ed98c1206e365dd9bb41a
    original_commit: 6170698baf8c39ec78a09cf0dea43c9136dfe250
    original_message: Update .gitignore (#42)
    original_author: Mihai Claudiu Toader <mihai@hedra.com>
    base_generation: 34c098be4082d77d8fa2c13e069f0639fb670f3a
    files:
      - .gitignore
    patch_content: |
      diff --git a/.gitignore b/.gitignore
      index 72271e0..89e1e8f 100644
      --- a/.gitignore
      +++ b/.gitignore
      @@ -1,3 +1,5 @@
       node_modules
       .DS_Store
      -/dist
      \ No newline at end of file
      +/dist
      +/.idea
      +/hedra-node.iml
    theirs_snapshot:
      .gitignore: |
        node_modules
        .DS_Store
        /dist
        /.idea
        /hedra-node.iml
    user_owned: true
  - id: patch-21524069
    content_hash: sha256:287084557ab28a24cf9625d7289843d90fbec845e96944e839f0a3cd33514801
    original_commit: 21524069b840b9844adb8949cbb64fd9ab72414c
    original_message: Downgrade version -> 4.0.0-dev -> 3.0.1-dev (#84)
    original_author: Mihai Claudiu Toader <mihai@hedra.com>
    base_generation: 4c1eb605ff9d8c981671925eb20341ee0a5ecd66
    files:
      - package.json
    patch_content: |+
      From 21524069b840b9844adb8949cbb64fd9ab72414c Mon Sep 17 00:00:00 2001
      From: Mihai Claudiu Toader <mihai@hedra.com>
      Date: Wed, 26 Aug 2026 16:14:22 -0700
      Subject: [PATCH] Downgrade version -> 4.0.0-dev -> 3.0.1-dev (#84)

      ---
       package.json | 2 +-
       1 file changed, 1 insertion(+), 1 deletion(-)

      diff --git a/package.json b/package.json
      index 22a3bcc..21869b3 100644
      --- a/package.json
      +++ b/package.json
      @@ -1,6 +1,6 @@
       {
           "name": "@hedra/sdk",
      -    "version": "4.0.0-dev",
      +    "version": "3.0.1-dev",
           "private": false,
           "repository": {
               "type": "git",
      -- 
      2.52.0

    theirs_snapshot:
      package.json: |
        {
            "name": "@hedra/sdk",
            "version": "3.0.1-dev",
            "private": false,
            "repository": {
                "type": "git",
                "url": "git+https://github.com/hedra-labs/hedra-node.git"
            },
            "license": "Apache-2.0",
            "type": "commonjs",
            "main": "./dist/cjs/index.js",
            "module": "./dist/esm/index.mjs",
            "types": "./dist/cjs/index.d.ts",
            "exports": {
                ".": {
                    "import": {
                        "types": "./dist/esm/index.d.mts",
                        "default": "./dist/esm/index.mjs"
                    },
                    "require": {
                        "types": "./dist/cjs/index.d.ts",
                        "default": "./dist/cjs/index.js"
                    },
                    "default": "./dist/cjs/index.js"
                },
                "./jobs": {
                    "import": {
                        "types": "./dist/esm/api/resources/jobs/exports.d.mts",
                        "default": "./dist/esm/api/resources/jobs/exports.mjs"
                    },
                    "require": {
                        "types": "./dist/cjs/api/resources/jobs/exports.d.ts",
                        "default": "./dist/cjs/api/resources/jobs/exports.js"
                    },
                    "default": "./dist/cjs/api/resources/jobs/exports.js"
                },
                "./models": {
                    "import": {
                        "types": "./dist/esm/api/resources/models/exports.d.mts",
                        "default": "./dist/esm/api/resources/models/exports.mjs"
                    },
                    "require": {
                        "types": "./dist/cjs/api/resources/models/exports.d.ts",
                        "default": "./dist/cjs/api/resources/models/exports.js"
                    },
                    "default": "./dist/cjs/api/resources/models/exports.js"
                },
                "./keys": {
                    "import": {
                        "types": "./dist/esm/api/resources/keys/exports.d.mts",
                        "default": "./dist/esm/api/resources/keys/exports.mjs"
                    },
                    "require": {
                        "types": "./dist/cjs/api/resources/keys/exports.d.ts",
                        "default": "./dist/cjs/api/resources/keys/exports.js"
                    },
                    "default": "./dist/cjs/api/resources/keys/exports.js"
                },
                "./tokens": {
                    "import": {
                        "types": "./dist/esm/api/resources/tokens/exports.d.mts",
                        "default": "./dist/esm/api/resources/tokens/exports.mjs"
                    },
                    "require": {
                        "types": "./dist/cjs/api/resources/tokens/exports.d.ts",
                        "default": "./dist/cjs/api/resources/tokens/exports.js"
                    },
                    "default": "./dist/cjs/api/resources/tokens/exports.js"
                },
                "./files": {
                    "import": {
                        "types": "./dist/esm/api/resources/files/exports.d.mts",
                        "default": "./dist/esm/api/resources/files/exports.mjs"
                    },
                    "require": {
                        "types": "./dist/cjs/api/resources/files/exports.d.ts",
                        "default": "./dist/cjs/api/resources/files/exports.js"
                    },
                    "default": "./dist/cjs/api/resources/files/exports.js"
                },
                "./billing": {
                    "import": {
                        "types": "./dist/esm/api/resources/billing/exports.d.mts",
                        "default": "./dist/esm/api/resources/billing/exports.mjs"
                    },
                    "require": {
                        "types": "./dist/cjs/api/resources/billing/exports.d.ts",
                        "default": "./dist/cjs/api/resources/billing/exports.js"
                    },
                    "default": "./dist/cjs/api/resources/billing/exports.js"
                },
                "./webhooks": {
                    "import": {
                        "types": "./dist/esm/api/resources/webhooks/exports.d.mts",
                        "default": "./dist/esm/api/resources/webhooks/exports.mjs"
                    },
                    "require": {
                        "types": "./dist/cjs/api/resources/webhooks/exports.d.ts",
                        "default": "./dist/cjs/api/resources/webhooks/exports.js"
                    },
                    "default": "./dist/cjs/api/resources/webhooks/exports.js"
                },
                "./logDrains": {
                    "import": {
                        "types": "./dist/esm/api/resources/logDrains/exports.d.mts",
                        "default": "./dist/esm/api/resources/logDrains/exports.mjs"
                    },
                    "require": {
                        "types": "./dist/cjs/api/resources/logDrains/exports.d.ts",
                        "default": "./dist/cjs/api/resources/logDrains/exports.js"
                    },
                    "default": "./dist/cjs/api/resources/logDrains/exports.js"
                },
                "./chat": {
                    "import": {
                        "types": "./dist/esm/api/resources/chat/exports.d.mts",
                        "default": "./dist/esm/api/resources/chat/exports.mjs"
                    },
                    "require": {
                        "types": "./dist/cjs/api/resources/chat/exports.d.ts",
                        "default": "./dist/cjs/api/resources/chat/exports.js"
                    },
                    "default": "./dist/cjs/api/resources/chat/exports.js"
                },
                "./package.json": "./package.json"
            },
            "files": [
                "dist",
                "reference.md",
                "README.md",
                "LICENSE"
            ],
            "scripts": {
                "format": "biome format --write --skip-parse-errors --no-errors-on-unmatched --max-diagnostics=none",
                "format:check": "biome format --skip-parse-errors --no-errors-on-unmatched --max-diagnostics=none",
                "lint": "biome lint --skip-parse-errors --no-errors-on-unmatched --max-diagnostics=none",
                "lint:fix": "biome lint --fix --unsafe --skip-parse-errors --no-errors-on-unmatched --max-diagnostics=none",
                "check": "biome check --skip-parse-errors --no-errors-on-unmatched --max-diagnostics=none",
                "check:fix": "biome check --fix --unsafe --skip-parse-errors --no-errors-on-unmatched --max-diagnostics=none",
                "build": "pnpm build:cjs && pnpm build:esm",
                "build:cjs": "tsc --project ./tsconfig.cjs.json",
                "build:esm": "tsc --project ./tsconfig.esm.json && node scripts/rename-to-esm-files.js dist/esm",
                "test": "vitest",
                "test:unit": "vitest --project unit",
                "test:wire": "vitest --project wire"
            },
            "dependencies": {},
            "devDependencies": {
                "webpack": "^5.105.4",
                "ts-loader": "^9.5.4",
                "vitest": "^4.1.1",
                "msw": "2.11.2",
                "@types/node": "^20.0.0",
                "typescript": "~5.9.3",
                "@biomejs/biome": "2.4.10"
            },
            "browser": {
                "fs": false,
                "os": false,
                "path": false,
                "stream": false,
                "crypto": false
            },
            "packageManager": "pnpm@10.34.5",
            "engines": {
                "node": ">=18.0.0"
            },
            "sideEffects": false,
            "description": "The official TypeScript library for the Hedra API — API spec 3.13.0",
            "author": "Hedra <support@hedra.com>"
        }
