# DO NOT EDIT MANUALLY - Managed by Fern Replay
version: "1.0"
generations:
  - commit_sha: 6082e5661a504a4c7ed931fe1a7de3979d15a060
    tree_hash: e9bf5a74a13afaf79f9b4058701754163e9fc4f9
    timestamp: 2026-08-05T22:43:55.875Z
    cli_version: unknown
    generator_versions: {}
current_generation: 6082e5661a504a4c7ed931fe1a7de3979d15a060
patches: []
